// !$*UTF8*$!
{
	archiveVersion = 1;
	classes = {
	};
	objectVersion = 55;
	objects = {

/* Begin PBXBuildFile section */
		9891CBAC28A86DE7000F3046 /* AppDelegate.swift in Sources */ = {isa = PBXBuildFile; fileRef = 9891CBAB28A86DE7000F3046 /* AppDelegate.swift */; };
		9891CBAE28A86DE7000F3046 /* SceneDelegate.swift in Sources */ = {isa = PBXBuildFile; fileRef = 9891CBAD28A86DE7000F3046 /* SceneDelegate.swift */; };
		9891CBB028A86DE7000F3046 /* ViewController.swift in Sources */ = {isa = PBXBuildFile; fileRef = 9891CBAF28A86DE7000F3046 /* ViewController.swift */; };
		9891CBB328A86DE7000F3046 /* Main.storyboard in Resources */ = {isa = PBXBuildFile; fileRef = 9891CBB128A86DE7000F3046 /* Main.storyboard */; };
		9891CBB528A86DE8000F3046 /* Assets.xcassets in Resources */ = {isa = PBXBuildFile; fileRef = 9891CBB428A86DE8000F3046 /* Assets.xcassets */; };
		9891CBB828A86DE8000F3046 /* LaunchScreen.storyboard in Resources */ = {isa = PBXBuildFile; fileRef = 9891CBB628A86DE8000F3046 /* LaunchScreen.storyboard */; };
		9891CBC328A86DE9000F3046 /* helloTests.swift in Sources */ = {isa = PBXBuildFile; fileRef = 9891CBC228A86DE9000F3046 /* helloTests.swift */; };
		9891CBCD28A86DE9000F3046 /* helloUITests.swift in Sources */ = {isa = PBXBuildFile; fileRef = 9891CBCC28A86DE9000F3046 /* helloUITests.swift */; };
		9891CBCF28A86DE9000F3046 /* helloUITestsLaunchTests.swift in Sources */ = {isa = PBXBuildFile; fileRef = 9891CBCE28A86DE9000F3046 /* helloUITestsLaunchTests.swift */; };
/* End PBXBuildFile section */

/* Begin PBXContainerItemProxy section */
		9891CBBF28A86DE9000F3046 /* PBXContainerItemProxy */ = {
			isa = PBXContainerItemProxy;
			containerPortal = 9891CBA028A86DE7000F3046 /* Project object */;
			proxyType = 1;
			remoteGlobalIDString = 9891CBA728A86DE7000F3046;
			remoteInfo = hello;
		};
		9891CBC928A86DE9000F3046 /* PBXContainerItemProxy */ = {
			isa = PBXContainerItemProxy;
			containerPortal = 9891CBA028A86DE7000F3046 /* Project object */;
			proxyType = 1;
			remoteGlobalIDString = 9891CBA728A86DE7000F3046;
			remoteInfo = hello;
		};
/* End PBXContainerItemProxy section */

/* Begin PBXFileReference section */
		9891CBA828A86DE7000F3046 /* hello.app */ = {isa = PBXFileReference; explicitFileType = wrapper.application; includeInIndex = 0; path = hello.app; sourceTree = BUILT_PRODUCTS_DIR; };
		9891CBAB28A86DE7000F3046 /* AppDelegate.swift */ = {isa = PBXFileReference; lastKnownFileType = sourcecode.swift; path = AppDelegate.swift; sourceTree = "<group>"; };
		9891CBAD28A86DE7000F3046 /* SceneDelegate.swift */ = {isa = PBXFileReference; lastKnownFileType = sourcecode.swift; path = SceneDelegate.swift; sourceTree = "<group>"; };
		9891CBAF28A86DE7000F3046 /* ViewController.swift */ = {isa = PBXFileReference; lastKnownFileType = sourcecode.swift; path = ViewController.swift; sourceTree = "<group>"; };
		9891CBB228A86DE7000F3046 /* Base */ = {isa = PBXFileReference; lastKnownFileType = file.storyboard; name = Base; path = Base.lproj/Main.storyboard; sourceTree = "<group>"; };
		9891CBB428A86DE8000F3046 /* Assets.xcassets */ = {isa = PBXFileReference; lastKnownFileType = folder.assetcatalog; path = Assets.xcassets; sourceTree = "<group>"; };
		9891CBB728A86DE8000F3046 /* Base */ = {isa = PBXFileReference; lastKnownFileType = file.storyboard; name = Base; path = Base.lproj/LaunchScreen.storyboard; sourceTree = "<group>"; };
		9891CBB928A86DE8000F3046 /* Info.plist */ = {isa = PBXFileReference; lastKnownFileType = text.plist.xml; path = Info.plist; sourceTree = "<group>"; };
		9891CBBE28A86DE9000F3046 /* helloTests.xctest */ = {isa = PBXFileReference; explicitFileType = wrapper.cfbundle; includeInIndex = 0; path = helloTests.xctest; sourceTree = BUILT_PRODUCTS_DIR; };
		9891CBC228A86DE9000F3046 /* helloTests.swift */ = {isa = PBXFileReference; lastKnownFileType = sourcecode.swift; path = helloTests.swift; sourceTree = "<group>"; };
		9891CBC828A86DE9000F3046 /* helloUITests.xctest */ = {isa = PBXFileReference; explicitFileType = wrapper.cfbundle; includeInIndex = 0; path = helloUITests.xctest; sourceTree = BUILT_PRODUCTS_DIR; };
		9891CBCC28A86DE9000F3046 /* helloUITests.swift */ = {isa = PBXFileReference; lastKnownFileType = sourcecode.swift; path = helloUITests.swift; sourceTree = "<group>"; };
		9891CBCE28A86DE9000F3046 /* helloUITestsLaunchTests.swift */ = {isa = PBXFileReference; lastKnownFileType = sourcecode.swift; path = helloUITestsLaunchTests.swift; sourceTree = "<group>"; };
/* End PBXFileReference section */

/* Begin PBXFrameworksBuildPhase section */
		9891CBA528A86DE7000F3046 /* Frameworks */ = {
			isa = PBXFrameworksBuildPhase;
			buildActionMask = 2147483647;
			files = (
			);
			runOnlyForDeploymentPostprocessing = 0;
		};
		9891CBBB28A86DE9000F3046 /* Frameworks */ = {
			isa = PBXFrameworksBuildPhase;
			buildActionMask = 2147483647;
			files = (
			);
			runOnlyForDeploymentPostprocessing = 0;
		};
		9891CBC528A86DE9000F3046 /* Frameworks */ = {
			isa = PBXFrameworksBuildPhase;
			buildActionMask = 2147483647;
			files = (
			);
			runOnlyForDeploymentPostprocessing = 0;
		};
/* End PBXFrameworksBuildPhase section */

/* Begin PBXGroup section */
		9891CB9F28A86DE7000F3046 = {
			isa = PBXGroup;
			children = (
				9891CBAA28A86DE7000F3046 /* hello */,
				9891CBC128A86DE9000F3046 /* helloTests */,
				9891CBCB28A86DE9000F3046 /* helloUITests */,
				9891CBA928A86DE7000F3046 /* Products */,
			);
			sourceTree = "<group>";
		};
		9891CBA928A86DE7000F3046 /* Products */ = {
			isa = PBXGroup;
			children = (
				9891CBA828A86DE7000F3046 /* hello.app */,
				9891CBBE28A86DE9000F3046 /* helloTests.xctest */,
				9891CBC828A86DE9000F3046 /* helloUITests.xctest */,
			);
			name = Products;
			sourceTree = "<group>";
		};
		9891CBAA28A86DE7000F3046 /* hello */ = {
			isa = PBXGroup;
			children = (
				9891CBAB28A86DE7000F3046 /* AppDelegate.swift */,
				9891CBAD28A86DE7000F3046 /* SceneDelegate.swift */,
				9891CBAF28A86DE7000F3046 /* ViewController.swift */,
				9891CBB128A86DE7000F3046 /* Main.storyboard */,
				9891CBB428A86DE8000F3046 /* Assets.xcassets */,
				9891CBB628A86DE8000F3046 /* LaunchScreen.storyboard */,
				9891CBB928A86DE8000F3046 /* Info.plist */,
			);
			path = hello;
			sourceTree = "<group>";
		};
		9891CBC128A86DE9000F3046 /* helloTests */ = {
			isa = PBXGroup;
			children = (
				9891CBC228A86DE9000F3046 /* helloTests.swift */,
			);
			path = helloTests;
			sourceTree = "<group>";
		};
		9891CBCB28A86DE9000F3046 /* helloUITests */ = {
			isa = PBXGroup;
			children = (
				9891CBCC28A86DE9000F3046 /* helloUITests.swift */,
				9891CBCE28A86DE9000F3046 /* helloUITestsLaunchTests.swift */,
			);
			path = helloUITests;
			sourceTree = "<group>";
		};
/* End PBXGroup section */

/* Begin PBXNativeTarget section */
		9891CBA728A86DE7000F3046 /* hello */ = {
			isa = PBXNativeTarget;
			buildConfigurationList = 9891CBD228A86DE9000F3046 /* Build configuration list for PBXNativeTarget "hello" */;
			buildPhases = (
				9891CBA428A86DE7000F3046 /* Sources */,
				9891CBA528A86DE7000F3046 /* Frameworks */,
				9891CBA628A86DE7000F3046 /* Resources */,
			);
			buildRules = (
			);
			dependencies = (
			);
			name = hello;
			productName = hello;
			productReference = 9891CBA828A86DE7000F3046 /* hello.app */;
			productType = "com.apple.product-type.application";
		};
		9891CBBD28A86DE9000F3046 /* helloTests */ = {
			isa = PBXNativeTarget;
			buildConfigurationList = 9891CBD528A86DE9000F3046 /* Build configuration list for PBXNativeTarget "helloTests" */;
			buildPhases = (
				9891CBBA28A86DE9000F3046 /* Sources */,
				9891CBBB28A86DE9000F3046 /* Frameworks */,
				9891CBBC28A86DE9000F3046 /* Resources */,
			);
			buildRules = (
			);
			dependencies = (
				9891CBC028A86DE9000F3046 /* PBXTargetDependency */,
			);
			name = helloTests;
			productName = helloTests;
			productReference = 9891CBBE28A86DE9000F3046 /* helloTests.xctest */;
			productType = "com.apple.product-type.bundle.unit-test";
		};
		9891CBC728A86DE9000F3046 /* helloUITests */ = {
			isa = PBXNativeTarget;
			buildConfigurationList = 9891CBD828A86DE9000F3046 /* Build configuration list for PBXNativeTarget "helloUITests" */;
			buildPhases = (
				9891CBC428A86DE9000F3046 /* Sources */,
				9891CBC528A86DE9000F3046 /* Frameworks */,
				9891CBC628A86DE9000F3046 /* Resources */,
			);
			buildRules = (
			);
			dependencies = (
				9891CBCA28A86DE9000F3046 /* PBXTargetDependency */,
			);
			name = helloUITests;
			productName = helloUITests;
			productReference = 9891CBC828A86DE9000F3046 /* helloUITests.xctest */;
			productType = "com.apple.product-type.bundle.ui-testing";
		};
/* End PBXNativeTarget section */

/* Begin PBXProject section */
		9891CBA028A86DE7000F3046 /* Project object */ = {
			isa = PBXProject;
			attributes = {
				BuildIndependentTargetsInParallel = 1;
				LastSwiftUpdateCheck = 1300;
				LastUpgradeCheck = 1300;
				TargetAttributes = {
					9891CBA728A86DE7000F3046 = {
						CreatedOnToolsVersion = 13.0;
					};
					9891CBBD28A86DE9000F3046 = {
						CreatedOnToolsVersion = 13.0;
						TestTargetID = 9891CBA728A86DE7000F3046;
					};
					9891CBC728A86DE9000F3046 = {
						CreatedOnToolsVersion = 13.0;
						TestTargetID = 9891CBA728A86DE7000F3046;
					};
				};
			};
			buildConfigurationList = 9891CBA328A86DE7000F3046 /* Build configuration list for PBXProject "hello" */;
			compatibilityVersion = "Xcode 13.0";
			developmentRegion = en;
			hasScannedForEncodings = 0;
			knownRegions = (
				en,
				Base,
			);
			mainGroup = 9891CB9F28A86DE7000F3046;
			productRefGroup = 9891CBA928A86DE7000F3046 /* Products */;
			projectDirPath = "";
			projectRoot = "";
			targets = (
				9891CBA728A86DE7000F3046 /* hello */,
				9891CBBD28A86DE9000F3046 /* helloTests */,
				9891CBC728A86DE9000F3046 /* helloUITests */,
			);
		};
/* End PBXProject section */

/* Begin PBXResourcesBuildPhase section */
		9891CBA628A86DE7000F3046 /* Resources */ = {
			isa = PBXResourcesBuildPhase;
			buildActionMask = 2147483647;
			files = (
				9891CBB828A86DE8000F3046 /* LaunchScreen.storyboard in Resources */,
				9891CBB528A86DE8000F3046 /* Assets.xcassets in Resources */,
				9891CBB328A86DE7000F3046 /* Main.storyboard in Resources */,
			);
			runOnlyForDeploymentPostprocessing = 0;
		};
		9891CBBC28A86DE9000F3046 /* Resources */ = {
			isa = PBXResourcesBuildPhase;
			buildActionMask = 2147483647;
			files = (
			);
			runOnlyForDeploymentPostprocessing = 0;
		};
		9891CBC628A86DE9000F3046 /* Resources */ = {
			isa = PBXResourcesBuildPhase;
			buildActionMask = 2147483647;
			files = (
			);
			runOnlyForDeploymentPostprocessing = 0;
		};
/* End PBXResourcesBuildPhase section */

/* Begin PBXSourcesBuildPhase section */
		9891CBA428A86DE7000F3046 /* Sources */ = {
			isa = PBXSourcesBuildPhase;
			buildActionMask = 2147483647;
			files = (
				9891CBB028A86DE7000F3046 /* ViewController.swift in Sources */,
				9891CBAC28A86DE7000F3046 /* AppDelegate.swift in Sources */,
				9891CBAE28A86DE7000F3046 /* SceneDelegate.swift in Sources */,
			);
			runOnlyForDeploymentPostprocessing = 0;
		};
		9891CBBA28A86DE9000F3046 /* Sources */ = {
			isa = PBXSourcesBuildPhase;
			buildActionMask = 2147483647;
			files = (
				9891CBC328A86DE9000F3046 /* helloTests.swift in Sources */,
			);
			runOnlyForDeploymentPostprocessing = 0;
		};
		9891CBC428A86DE9000F3046 /* Sources */ = {
			isa = PBXSourcesBuildPhase;
			buildActionMask = 2147483647;
			files = (
				9891CBCD28A86DE9000F3046 /* helloUITests.swift in Sources */,
				9891CBCF28A86DE9000F3046 /* helloUITestsLaunchTests.swift in Sources */,
			);
			runOnlyForDeploymentPostprocessing = 0;
		};
/* End PBXSourcesBuildPhase section */

/* Begin PBXTargetDependency section */
		9891CBC028A86DE9000F3046 /* PBXTargetDependency */ = {
			isa = PBXTargetDependency;
			target = 9891CBA728A86DE7000F3046 /* hello */;
			targetProxy = 9891CBBF28A86DE9000F3046 /* PBXContainerItemProxy */;
		};
		9891CBCA28A86DE9000F3046 /* PBXTargetDependency */ = {
			isa = PBXTargetDependency;
			target = 9891CBA728A86DE7000F3046 /* hello */;
			targetProxy = 9891CBC928A86DE9000F3046 /* PBXContainerItemProxy */;
		};
/* End PBXTargetDependency section */

/* Begin PBXVariantGroup section */
		9891CBB128A86DE7000F3046 /* Main.storyboard */ = {
			isa = PBXVariantGroup;
			children = (
				9891CBB228A86DE7000F3046 /* Base */,
			);
			name = Main.storyboard;
			sourceTree = "<group>";
		};
		9891CBB628A86DE8000F3046 /* LaunchScreen.storyboard */ = {
			isa = PBXVariantGroup;
			children = (
				9891CBB728A86DE8000F3046 /* Base */,
			);
			name = LaunchScreen.storyboard;
			sourceTree = "<group>";
		};
/* End PBXVariantGroup section */

/* Begin XCBuildConfiguration section */
		9891CBD028A86DE9000F3046 /* Debug */ = {
			isa = XCBuildConfiguration;
			buildSettings = {
				ALWAYS_SEARCH_USER_PATHS = NO;
				CLANG_ANALYZER_NONNULL = YES;
				CLANG_ANALYZER_NUMBER_OBJECT_CONVERSION = YES_AGGRESSIVE;
				CLANG_CXX_LANGUAGE_STANDARD = "gnu++17";
				CLANG_CXX_LIBRARY = "libc++";
				CLANG_ENABLE_MODULES = YES;
				CLANG_ENABLE_OBJC_ARC = YES;
				CLANG_ENABLE_OBJC_WEAK = YES;
				CLANG_WARN_BLOCK_CAPTURE_AUTORELEASING = YES;
				CLANG_WARN_BOOL_CONVERSION = YES;
				CLANG_WARN_COMMA = YES;
				CLANG_WARN_CONSTANT_CONVERSION = YES;
				CLANG_WARN_DEPRECATED_OBJC_IMPLEMENTATIONS = YES;
				CLANG_WARN_DIRECT_OBJC_ISA_USAGE = YES_ERROR;
				CLANG_WARN_DOCUMENTATION_COMMENTS = YES;
				CLANG_WARN_EMPTY_BODY = YES;
				CLANG_WARN_ENUM_CONVERSION = YES;
				CLANG_WARN_INFINITE_RECURSION = YES;
				CLANG_WARN_INT_CONVERSION = YES;
				CLANG_WARN_NON_LITERAL_NULL_CONVERSION = YES;
				CLANG_WARN_OBJC_IMPLICIT_RETAIN_SELF = YES;
				CLANG_WARN_OBJC_LITERAL_CONVERSION = YES;
				CLANG_WARN_OBJC_ROOT_CLASS = YES_ERROR;
				CLANG_WARN_QUOTED_INCLUDE_IN_FRAMEWORK_HEADER = YES;
				CLANG_WARN_RANGE_LOOP_ANALYSIS = YES;
				CLANG_WARN_STRICT_PROTOTYPES = YES;
				CLANG_WARN_SUSPICIOUS_MOVE = YES;
				CLANG_WARN_UNGUARDED_AVAILABILITY = YES_AGGRESSIVE;
				CLANG_WARN_UNREACHABLE_CODE = YES;
				CLANG_WARN__DUPLICATE_METHOD_MATCH = YES;
				COPY_PHASE_STRIP = NO;
				DEBUG_INFORMATION_FORMAT = dwarf;
				ENABLE_STRICT_OBJC_MSGSEND = YES;
				ENABLE_TESTABILITY = YES;
				GCC_C_LANGUAGE_STANDARD = gnu11;
				GCC_DYNAMIC_NO_PIC = NO;
				GCC_NO_COMMON_BLOCKS = YES;
				GCC_OPTIMIZATION_LEVEL = 0;
				GCC_PREPROCESSOR_DEFINITIONS = (
					"DEBUG=1",
					"$(inherited)",
				);
				GCC_WARN_64_TO_32_BIT_CONVERSION = YES;
				GCC_WARN_ABOUT_RETURN_TYPE = YES_ERROR;
				GCC_WARN_UNDECLARED_SELECTOR = YES;
				GCC_WARN_UNINITIALIZED_AUTOS = YES_AGGRESSIVE;
				GCC_WARN_UNUSED_FUNCTION = YES;
				GCC_WARN_UNUSED_VARIABLE = YES;
				IPHONEOS_DEPLOYMENT_TARGET = 15.0;
				MTL_ENABLE_DEBUG_INFO = INCLUDE_SOURCE;
				MTL_FAST_MATH = YES;
				ONLY_ACTIVE_ARCH = YES;
				SDKROOT = iphoneos;
				SWIFT_ACTIVE_COMPILATION_CONDITIONS = DEBUG;
				SWIFT_OPTIMIZATION_LEVEL = "-Onone";
			};
			name = Debug;
		};
		9891CBD128A86DE9000F3046 /* Release */ = {
			isa = XCBuildConfiguration;
			buildSettings = {
				ALWAYS_SEARCH_USER_PATHS = NO;
				CLANG_ANALYZER_NONNULL = YES;
				CLANG_ANALYZER_NUMBER_OBJECT_CONVERSION = YES_AGGRESSIVE;
				CLANG_CXX_LANGUAGE_STANDARD = "gnu++17";
				CLANG_CXX_LIBRARY = "libc++";
				CLANG_ENABLE_MODULES = YES;
				CLANG_ENABLE_OBJC_ARC = YES;
				CLANG_ENABLE_OBJC_WEAK = YES;
				CLANG_WARN_BLOCK_CAPTURE_AUTORELEASING = YES;
				CLANG_WARN_BOOL_CONVERSION = YES;
				CLANG_WARN_COMMA = YES;
				CLANG_WARN_CONSTANT_CONVERSION = YES;
				CLANG_WARN_DEPRECATED_OBJC_IMPLEMENTATIONS = YES;
				CLANG_WARN_DIRECT_OBJC_ISA_USAGE = YES_ERROR;
				CLANG_WARN_DOCUMENTATION_COMMENTS = YES;
				CLANG_WARN_EMPTY_BODY = YES;
				CLANG_WARN_ENUM_CONVERSION = YES;
				CLANG_WARN_INFINITE_RECURSION = YES;
				CLANG_WARN_INT_CONVERSION = YES;
				CLANG_WARN_NON_LITERAL_NULL_CONVERSION = YES;
				CLANG_WARN_OBJC_IMPLICIT_RETAIN_SELF = YES;
				CLANG_WARN_OBJC_LITERAL_CONVERSION = YES;
				CLANG_WARN_OBJC_ROOT_CLASS = YES_ERROR;
				CLANG_WARN_QUOTED_INCLUDE_IN_FRAMEWORK_HEADER = YES;
				CLANG_WARN_RANGE_LOOP_ANALYSIS = YES;
				CLANG_WARN_STRICT_PROTOTYPES = YES;
				CLANG_WARN_SUSPICIOUS_MOVE = YES;
				CLANG_WARN_UNGUARDED_AVAILABILITY = YES_AGGRESSIVE;
				CLANG_WARN_UNREACHABLE_CODE = YES;
				CLANG_WARN__DUPLICATE_METHOD_MATCH = YES;
				COPY_PHASE_STRIP = NO;
				DEBUG_INFORMATION_FORMAT = "dwarf-with-dsym";
				ENABLE_NS_ASSERTIONS = NO;
				ENABLE_STRICT_OBJC_MSGSEND = YES;
				GCC_C_LANGUAGE_STANDARD = gnu11;
				GCC_NO_COMMON_BLOCKS = YES;
				GCC_WARN_64_TO_32_BIT_CONVERSION = YES;
				GCC_WARN_ABOUT_RETURN_TYPE = YES_ERROR;
				GCC_WARN_UNDECLARED_SELECTOR = YES;
				GCC_WARN_UNINITIALIZED_AUTOS = YES_AGGRESSIVE;
				GCC_WARN_UNUSED_FUNCTION = YES;
				GCC_WARN_UNUSED_VARIABLE = YES;
				IPHONEOS_DEPLOYMENT_TARGET = 15.0;
				MTL_ENABLE_DEBUG_INFO = NO;
				MTL_FAST_MATH = YES;
				SDKROOT = iphoneos;
				SWIFT_COMPILATION_MODE = wholemodule;
				SWIFT_OPTIMIZATION_LEVEL = "-O";
				VALIDATE_PRODUCT = YES;
			};
			name = Release;
		};
		9891CBD328A86DE9000F3046 /* Debug */ = {
			isa = XCBuildConfiguration;
			buildSettings = {
				ASSETCATALOG_COMPILER_APPICON_NAME = AppIcon;
				ASSETCATALOG_COMPILER_GLOBAL_ACCENT_COLOR_NAME = AccentColor;
				CODE_SIGN_STYLE = Automatic;
				CURRENT_PROJECT_VERSION = 1;
				GENERATE_INFOPLIST_FILE = YES;
				INFOPLIST_FILE = hello/Info.plist;
				INFOPLIST_KEY_UIApplicationSupportsIndirectInputEvents = YES;
				INFOPLIST_KEY_UILaunchStoryboardName = LaunchScreen;
				INFOPLIST_KEY_UIMainStoryboardFile = Main;
				INFOPLIST_KEY_UISupportedInterfaceOrientations_iPad = "UIInterfaceOrientationPortrait UIInterfaceOrientationPortraitUpsideDown UIInterfaceOrientationLandscapeLeft UIInterfaceOrientationLandscapeRight";
				INFOPLIST_KEY_UISupportedInterfaceOrientations_iPhone = "UIInterfaceOrientationPortrait UIInterfaceOrientationLandscapeLeft UIInterfaceOrientationLandscapeRight";
				LD_RUNPATH_SEARCH_PATHS = (
					"$(inherited)",
					"@executable_path/Frameworks",
				);
				MARKETING_VERSION = 1.0;
				PRODUCT_BUNDLE_IDENTIFIER = test.hello;
				PRODUCT_NAME = "$(TARGET_NAME)";
				SWIFT_EMIT_LOC_STRINGS = YES;
				SWIFT_VERSION = 5.0;
				TARGETED_DEVICE_FAMILY = "1,2";
			};
			name = Debug;
		};
		9891CBD428A86DE9000F3046 /* Release */ = {
			isa = XCBuildConfiguration;
			buildSettings = {
				ASSETCATALOG_COMPILER_APPICON_NAME = AppIcon;
				ASSETCATALOG_COMPILER_GLOBAL_ACCENT_COLOR_NAME = AccentColor;
				CODE_SIGN_STYLE = Automatic;
				CURRENT_PROJECT_VERSION = 1;
				GENERATE_INFOPLIST_FILE = YES;
				INFOPLIST_FILE = hello/Info.plist;
				INFOPLIST_KEY_UIApplicationSupportsIndirectInputEvents = YES;
				INFOPLIST_KEY_UILaunchStoryboardName = LaunchScreen;
				INFOPLIST_KEY_UIMainStoryboardFile = Main;
				INFOPLIST_KEY_UISupportedInterfaceOrientations_iPad = "UIInterfaceOrientationPortrait UIInterfaceOrientationPortraitUpsideDown UIInterfaceOrientationLandscapeLeft UIInterfaceOrientationLandscapeRight";
				INFOPLIST_KEY_UISupportedInterfaceOrientations_iPhone = "UIInterfaceOrientationPortrait UIInterfaceOrientationLandscapeLeft UIInterfaceOrientationLandscapeRight";
				LD_RUNPATH_SEARCH_PATHS = (
					"$(inherited)",
					"@executable_path/Frameworks",
				);
				MARKETING_VERSION = 1.0;
				PRODUCT_BUNDLE_IDENTIFIER = test.hello;
				PRODUCT_NAME = "$(TARGET_NAME)";
				SWIFT_EMIT_LOC_STRINGS = YES;
				SWIFT_VERSION = 5.0;
				TARGETED_DEVICE_FAMILY = "1,2";
			};
			name = Release;
		};
		9891CBD628A86DE9000F3046 /* Debug */ = {
			isa = XCBuildConfiguration;
			buildSettings = {
				ALWAYS_EMBED_SWIFT_STANDARD_LIBRARIES = YES;
				BUNDLE_LOADER = "$(TEST_HOST)";
				CODE_SIGN_STYLE = Automatic;
				CURRENT_PROJECT_VERSION = 1;
				GENERATE_INFOPLIST_FILE = YES;
				IPHONEOS_DEPLOYMENT_TARGET = 15.0;
				LD_RUNPATH_SEARCH_PATHS = (
					"$(inherited)",
					"@executable_path/Frameworks",
					"@loader_path/Frameworks",
				);
				MARKETING_VERSION = 1.0;
				PRODUCT_BUNDLE_IDENTIFIER = test.helloTests;
				PRODUCT_NAME = "$(TARGET_NAME)";
				SWIFT_EMIT_LOC_STRINGS = NO;
				SWIFT_VERSION = 5.0;
				TARGETED_DEVICE_FAMILY = "1,2";
				TEST_HOST = "$(BUILT_PRODUCTS_DIR)/hello.app/hello";
			};
			name = Debug;
		};
		9891CBD728A86DE9000F3046 /* Release */ = {
			isa = XCBuildConfiguration;
			buildSettings = {
				ALWAYS_EMBED_SWIFT_STANDARD_LIBRARIES = YES;
				BUNDLE_LOADER = "$(TEST_HOST)";
				CODE_SIGN_STYLE = Automatic;
				CURRENT_PROJECT_VERSION = 1;
				GENERATE_INFOPLIST_FILE = YES;
				IPHONEOS_DEPLOYMENT_TARGET = 15.0;
				LD_RUNPATH_SEARCH_PATHS = (
					"$(inherited)",
					"@executable_path/Frameworks",
					"@loader_path/Frameworks",
				);
				MARKETING_VERSION = 1.0;
				PRODUCT_BUNDLE_IDENTIFIER = test.helloTests;
				PRODUCT_NAME = "$(TARGET_NAME)";
				SWIFT_EMIT_LOC_STRINGS = NO;
				SWIFT_VERSION = 5.0;
				TARGETED_DEVICE_FAMILY = "1,2";
				TEST_HOST = "$(BUILT_PRODUCTS_DIR)/hello.app/hello";
			};
			name = Release;
		};
		9891CBD928A86DE9000F3046 /* Debug */ = {
			isa = XCBuildConfiguration;
			buildSettings = {
				ALWAYS_EMBED_SWIFT_STANDARD_LIBRARIES = YES;
				CODE_SIGN_STYLE = Automatic;
				CURRENT_PROJECT_VERSION = 1;
				GENERATE_INFOPLIST_FILE = YES;
				LD_RUNPATH_SEARCH_PATHS = (
					"$(inherited)",
					"@executable_path/Frameworks",
					"@loader_path/Frameworks",
				);
				MARKETING_VERSION = 1.0;
				PRODUCT_BUNDLE_IDENTIFIER = test.helloUITests;
				PRODUCT_NAME = "$(TARGET_NAME)";
				SWIFT_EMIT_LOC_STRINGS = NO;
				SWIFT_VERSION = 5.0;
				TARGETED_DEVICE_FAMILY = "1,2";
				TEST_TARGET_NAME = hello;
			};
			name = Debug;
		};
		9891CBDA28A86DE9000F3046 /* Release */ = {
			isa = XCBuildConfiguration;
			buildSettings = {
				ALWAYS_EMBED_SWIFT_STANDARD_LIBRARIES = YES;
				CODE_SIGN_STYLE = Automatic;
				CURRENT_PROJECT_VERSION = 1;
				GENERATE_INFOPLIST_FILE = YES;
				LD_RUNPATH_SEARCH_PATHS = (
					"$(inherited)",
					"@executable_path/Frameworks",
					"@loader_path/Frameworks",
				);
				MARKETING_VERSION = 1.0;
				PRODUCT_BUNDLE_IDENTIFIER = test.helloUITests;
				PRODUCT_NAME = "$(TARGET_NAME)";
				SWIFT_EMIT_LOC_STRINGS = NO;
				SWIFT_VERSION = 5.0;
				TARGETED_DEVICE_FAMILY = "1,2";
				TEST_TARGET_NAME = hello;
			};
			name = Release;
		};
/* End XCBuildConfiguration section */

/* Begin XCConfigurationList section */
		9891CBA328A86DE7000F3046 /* Build configuration list for PBXProject "hello" */ = {
			isa = XCConfigurationList;
			buildConfigurations = (
				9891CBD028A86DE9000F3046 /* Debug */,
				9891CBD128A86DE9000F3046 /* Release */,
			);
			defaultConfigurationIsVisible = 0;
			defaultConfigurationName = Release;
		};
		9891CBD228A86DE9000F3046 /* Build configuration list for PBXNativeTarget "hello" */ = {
			isa = XCConfigurationList;
			buildConfigurations = (
				9891CBD328A86DE9000F3046 /* Debug */,
				9891CBD428A86DE9000F3046 /* Release */,
			);
			defaultConfigurationIsVisible = 0;
			defaultConfigurationName = Release;
		};
		9891CBD528A86DE9000F3046 /* Build configuration list for PBXNativeTarget "helloTests" */ = {
			isa = XCConfigurationList;
			buildConfigurations = (
				9891CBD628A86DE9000F3046 /* Debug */,
				9891CBD728A86DE9000F3046 /* Release */,
			);
			defaultConfigurationIsVisible = 0;
			defaultConfigurationName = Release;
		};
		9891CBD828A86DE9000F3046 /* Build configuration list for PBXNativeTarget "helloUITests" */ = {
			isa = XCConfigurationList;
			buildConfigurations = (
				9891CBD928A86DE9000F3046 /* Debug */,
				9891CBDA28A86DE9000F3046 /* Release */,
			);
			defaultConfigurationIsVisible = 0;
			defaultConfigurationName = Release;
		};
/* End XCConfigurationList section */
	};
	rootObject = 9891CBA028A86DE7000F3046 /* Project object */;
}
